# THIS IS AN AUTOGENERATED FILE. DO NOT EDIT THIS FILE DIRECTLY.
# yarn lockfile v1


"@wrule/nums@^0.1.7":
  version "0.1.7"
  resolved "https://registry.yarnpkg.com/@wrule/nums/-/nums-0.1.7.tgz#cdbdbe01ec7fbe89d3a247e712aca926be84d234"
  integrity sha512-lpTWWpfd9izbA2Oxv/icEJdpkCaKXHjjqlzEFfTwJvJM2k/2F1C/yifIyF/xiGYLWoCc/5+NO6OrheNvJhSY7w==
